
Microsoft Visual Studio Solution File, Format Version 12.00
# Visual Studio Version 17
VisualStudioVersion = 17.12.35527.113
MinimumVisualStudioVersion = 10.0.40219.1
Project("{2150E333-8FDC-42A3-9474-1A3956D46DE8}") = "Services", "Services", "{3E6E6683-0A9B-4EC6-9872-C522918BFC04}"
EndProject
Project("{2150E333-8FDC-42A3-9474-1A3956D46DE8}") = "Catalog", "Catalog", "{844171CA-B235-4C95-AADE-84779C6D5771}"
EndProject
Project("{FAE04EC0-301F-11D3-BF4B-00C04F79EFBC}") = "Catalog.API", "Services\Catalog\CatalogAPI\Catalog.API.csproj", "{9A100048-E3D4-4513-9077-F802ACC9FD38}"
EndProject
Project("{2150E333-8FDC-42A3-9474-1A3956D46DE8}") = "BuildingBlocks", "BuildingBlocks", "{9FBA5815-4895-4D22-974A-52E74B50143F}"
EndProject
Project("{FAE04EC0-301F-11D3-BF4B-00C04F79EFBC}") = "BuildingBlocks", "BuildingBlocks\BuildingBlocks\BuildingBlocks.csproj", "{9CF06726-9749-41A8-A7DF-B56FCD2889AD}"
EndProject
Project("{E53339B2-1760-4266-BCC7-CA923CBCF16C}") = "docker-compose", "docker-compose.dcproj", "{D73BBDAA-8C01-414A-BDE7-4238B89B99A6}"
EndProject
Project("{2150E333-8FDC-42A3-9474-1A3956D46DE8}") = "Basket", "Basket", "{A29D9AB3-1B94-4076-809D-06C8591E9ABE}"
EndProject
Project("{FAE04EC0-301F-11D3-BF4B-00C04F79EFBC}") = "Basket.API", "Services\Basket\Basket.API\Basket.API.csproj", "{2E087B55-1E71-45AD-8EB9-5DD66D8CC1B6}"
EndProject
Project("{2150E333-8FDC-42A3-9474-1A3956D46DE8}") = "Discount", "Discount", "{7A3887F1-7FFE-494B-A551-2DEF68185B78}"
EndProject
Project("{FAE04EC0-301F-11D3-BF4B-00C04F79EFBC}") = "Discount.Grpc", "Services\Discount\Discount.Grpc\Discount.Grpc.csproj", "{25559B89-70E0-4BAA-9979-F01CB4C3CBBD}"
EndProject
Project("{2150E333-8FDC-42A3-9474-1A3956D46DE8}") = "Ordering", "Ordering", "{02EA681E-C7D8-13C7-8484-4AC65E1B71E8}"
EndProject
Project("{FAE04EC0-301F-11D3-BF4B-00C04F79EFBC}") = "Ordering.API", "Services\Ordering\Ordering.API\Ordering.API.csproj", "{AA9B95F4-7C7F-4101-A7B5-8125EFA2865F}"
EndProject
Project("{FAE04EC0-301F-11D3-BF4B-00C04F79EFBC}") = "Ordering.Domain", "Services\Ordering\Ordering.Domain\Ordering.Domain.csproj", "{3F59C66D-7B49-4401-87B1-1823EACF2C06}"
EndProject
Project("{FAE04EC0-301F-11D3-BF4B-00C04F79EFBC}") = "Ordering.Application", "Services\Ordering\Ordering.Application\Ordering.Application.csproj", "{F842526F-3587-4A56-9ECC-1CB194C04B61}"
EndProject
Project("{FAE04EC0-301F-11D3-BF4B-00C04F79EFBC}") = "Ordering.Infrastructure", "Services\Ordering\Ordering.Infrastructure\Ordering.Infrastructure.csproj", "{8DD81F58-D737-4D8C-AA30-868BD3910F4E}"
EndProject
Global
	GlobalSection(SolutionConfigurationPlatforms) = preSolution
		Debug|Any CPU = Debug|Any CPU
		Release|Any CPU = Release|Any CPU
	EndGlobalSection
	GlobalSection(ProjectConfigurationPlatforms) = postSolution
		{9A100048-E3D4-4513-9077-F802ACC9FD38}.Debug|Any CPU.ActiveCfg = Debug|Any CPU
		{9A100048-E3D4-4513-9077-F802ACC9FD38}.Debug|Any CPU.Build.0 = Debug|Any CPU
		{9A100048-E3D4-4513-9077-F802ACC9FD38}.Release|Any CPU.ActiveCfg = Release|Any CPU
		{9A100048-E3D4-4513-9077-F802ACC9FD38}.Release|Any CPU.Build.0 = Release|Any CPU
		{9CF06726-9749-41A8-A7DF-B56FCD2889AD}.Debug|Any CPU.ActiveCfg = Debug|Any CPU
		{9CF06726-9749-41A8-A7DF-B56FCD2889AD}.Debug|Any CPU.Build.0 = Debug|Any CPU
		{9CF06726-9749-41A8-A7DF-B56FCD2889AD}.Release|Any CPU.ActiveCfg = Release|Any CPU
		{9CF06726-9749-41A8-A7DF-B56FCD2889AD}.Release|Any CPU.Build.0 = Release|Any CPU
		{D73BBDAA-8C01-414A-BDE7-4238B89B99A6}.Debug|Any CPU.ActiveCfg = Debug|Any CPU
		{D73BBDAA-8C01-414A-BDE7-4238B89B99A6}.Debug|Any CPU.Build.0 = Debug|Any CPU
		{D73BBDAA-8C01-414A-BDE7-4238B89B99A6}.Release|Any CPU.ActiveCfg = Release|Any CPU
		{D73BBDAA-8C01-414A-BDE7-4238B89B99A6}.Release|Any CPU.Build.0 = Release|Any CPU
		{2E087B55-1E71-45AD-8EB9-5DD66D8CC1B6}.Debug|Any CPU.ActiveCfg = Debug|Any CPU
		{2E087B55-1E71-45AD-8EB9-5DD66D8CC1B6}.Debug|Any CPU.Build.0 = Debug|Any CPU
		{2E087B55-1E71-45AD-8EB9-5DD66D8CC1B6}.Release|Any CPU.ActiveCfg = Release|Any CPU
		{2E087B55-1E71-45AD-8EB9-5DD66D8CC1B6}.Release|Any CPU.Build.0 = Release|Any CPU
		{25559B89-70E0-4BAA-9979-F01CB4C3CBBD}.Debug|Any CPU.ActiveCfg = Debug|Any CPU
		{25559B89-70E0-4BAA-9979-F01CB4C3CBBD}.Debug|Any CPU.Build.0 = Debug|Any CPU
		{25559B89-70E0-4BAA-9979-F01CB4C3CBBD}.Release|Any CPU.ActiveCfg = Release|Any CPU
		{25559B89-70E0-4BAA-9979-F01CB4C3CBBD}.Release|Any CPU.Build.0 = Release|Any CPU
		{AA9B95F4-7C7F-4101-A7B5-8125EFA2865F}.Debug|Any CPU.ActiveCfg = Debug|Any CPU
		{AA9B95F4-7C7F-4101-A7B5-8125EFA2865F}.Debug|Any CPU.Build.0 = Debug|Any CPU
		{AA9B95F4-7C7F-4101-A7B5-8125EFA2865F}.Release|Any CPU.ActiveCfg = Release|Any CPU
		{AA9B95F4-7C7F-4101-A7B5-8125EFA2865F}.Release|Any CPU.Build.0 = Release|Any CPU
		{3F59C66D-7B49-4401-87B1-1823EACF2C06}.Debug|Any CPU.ActiveCfg = Debug|Any CPU
		{3F59C66D-7B49-4401-87B1-1823EACF2C06}.Debug|Any CPU.Build.0 = Debug|Any CPU
		{3F59C66D-7B49-4401-87B1-1823EACF2C06}.Release|Any CPU.ActiveCfg = Release|Any CPU
		{3F59C66D-7B49-4401-87B1-1823EACF2C06}.Release|Any CPU.Build.0 = Release|Any CPU
		{F842526F-3587-4A56-9ECC-1CB194C04B61}.Debug|Any CPU.ActiveCfg = Debug|Any CPU
		{F842526F-3587-4A56-9ECC-1CB194C04B61}.Debug|Any CPU.Build.0 = Debug|Any CPU
		{F842526F-3587-4A56-9ECC-1CB194C04B61}.Release|Any CPU.ActiveCfg = Release|Any CPU
		{F842526F-3587-4A56-9ECC-1CB194C04B61}.Release|Any CPU.Build.0 = Release|Any CPU
		{8DD81F58-D737-4D8C-AA30-868BD3910F4E}.Debug|Any CPU.ActiveCfg = Debug|Any CPU
		{8DD81F58-D737-4D8C-AA30-868BD3910F4E}.Debug|Any CPU.Build.0 = Debug|Any CPU
		{8DD81F58-D737-4D8C-AA30-868BD3910F4E}.Release|Any CPU.ActiveCfg = Release|Any CPU
		{8DD81F58-D737-4D8C-AA30-868BD3910F4E}.Release|Any CPU.Build.0 = Release|Any CPU
	EndGlobalSection
	GlobalSection(SolutionProperties) = preSolution
		HideSolutionNode = FALSE
	EndGlobalSection
	GlobalSection(NestedProjects) = preSolution
		{844171CA-B235-4C95-AADE-84779C6D5771} = {3E6E6683-0A9B-4EC6-9872-C522918BFC04}
		{9A100048-E3D4-4513-9077-F802ACC9FD38} = {844171CA-B235-4C95-AADE-84779C6D5771}
		{9CF06726-9749-41A8-A7DF-B56FCD2889AD} = {9FBA5815-4895-4D22-974A-52E74B50143F}
		{A29D9AB3-1B94-4076-809D-06C8591E9ABE} = {3E6E6683-0A9B-4EC6-9872-C522918BFC04}
		{2E087B55-1E71-45AD-8EB9-5DD66D8CC1B6} = {A29D9AB3-1B94-4076-809D-06C8591E9ABE}
		{7A3887F1-7FFE-494B-A551-2DEF68185B78} = {3E6E6683-0A9B-4EC6-9872-C522918BFC04}
		{25559B89-70E0-4BAA-9979-F01CB4C3CBBD} = {7A3887F1-7FFE-494B-A551-2DEF68185B78}
		{02EA681E-C7D8-13C7-8484-4AC65E1B71E8} = {3E6E6683-0A9B-4EC6-9872-C522918BFC04}
		{AA9B95F4-7C7F-4101-A7B5-8125EFA2865F} = {02EA681E-C7D8-13C7-8484-4AC65E1B71E8}
		{3F59C66D-7B49-4401-87B1-1823EACF2C06} = {02EA681E-C7D8-13C7-8484-4AC65E1B71E8}
		{F842526F-3587-4A56-9ECC-1CB194C04B61} = {02EA681E-C7D8-13C7-8484-4AC65E1B71E8}
		{8DD81F58-D737-4D8C-AA30-868BD3910F4E} = {02EA681E-C7D8-13C7-8484-4AC65E1B71E8}
	EndGlobalSection
	GlobalSection(ExtensibilityGlobals) = postSolution
		SolutionGuid = {055D2D23-0A7C-4127-8B3E-AE1FA6A4B623}
	EndGlobalSection
EndGlobal
